
Microsoft Visual Studio Solution File, Format Version 12.00
# Visual Studio 2013
VisualStudioVersion = 12.0.30324.0
MinimumVisualStudioVersion = 10.0.40219.1
Project("{FAE04EC0-301F-11D3-BF4B-00C04F79EFBC}") = "MarktplaatsZoeker", "MarktplaatsZoeker.csproj", "{66AC93F0-35D8-44C4-ABC9-BF0935B012C6}"
EndProject
Project("{FAE04EC0-301F-11D3-BF4B-00C04F79EFBC}") = "ClassLibrary", "ClassLibrary\ClassLibrary.csproj", "{5F30D752-B116-4072-A5A0-4B75FC5C1B4A}"
EndProject
Project("{FAE04EC0-301F-11D3-BF4B-00C04F79EFBC}") = "BackGroundUpdater", "..\BackGroundUpdater\BackGroundUpdater.csproj", "{85B390FA-56DB-4671-B890-62E7DDB41CAB}"
EndProject
Project("{FAE04EC0-301F-11D3-BF4B-00C04F79EFBC}") = "MPZoekerService", "..\MPZoekerService\MPZoekerService.csproj", "{19DFC7E8-5B43-45B2-BAE6-7D3CAD33B228}"
EndProject
Global
	GlobalSection(SolutionConfigurationPlatforms) = preSolution
		Debug|Any CPU = Debug|Any CPU
		Debug|ARM = Debug|ARM
		Debug|x64 = Debug|x64
		Debug|x86 = Debug|x86
		Release|Any CPU = Release|Any CPU
		Release|ARM = Release|ARM
		Release|x64 = Release|x64
		Release|x86 = Release|x86
	EndGlobalSection
	GlobalSection(ProjectConfigurationPlatforms) = postSolution
		{66AC93F0-35D8-44C4-ABC9-BF0935B012C6}.Debug|Any CPU.ActiveCfg = Debug|Any CPU
		{66AC93F0-35D8-44C4-ABC9-BF0935B012C6}.Debug|Any CPU.Build.0 = Debug|Any CPU
		{66AC93F0-35D8-44C4-ABC9-BF0935B012C6}.Debug|Any CPU.Deploy.0 = Debug|Any CPU
		{66AC93F0-35D8-44C4-ABC9-BF0935B012C6}.Debug|ARM.ActiveCfg = Debug|ARM
		{66AC93F0-35D8-44C4-ABC9-BF0935B012C6}.Debug|ARM.Build.0 = Debug|ARM
		{66AC93F0-35D8-44C4-ABC9-BF0935B012C6}.Debug|ARM.Deploy.0 = Debug|ARM
		{66AC93F0-35D8-44C4-ABC9-BF0935B012C6}.Debug|x64.ActiveCfg = Debug|x64
		{66AC93F0-35D8-44C4-ABC9-BF0935B012C6}.Debug|x64.Build.0 = Debug|x64
		{66AC93F0-35D8-44C4-ABC9-BF0935B012C6}.Debug|x64.Deploy.0 = Debug|x64
		{66AC93F0-35D8-44C4-ABC9-BF0935B012C6}.Debug|x86.ActiveCfg = Debug|x86
		{66AC93F0-35D8-44C4-ABC9-BF0935B012C6}.Debug|x86.Build.0 = Debug|x86
		{66AC93F0-35D8-44C4-ABC9-BF0935B012C6}.Debug|x86.Deploy.0 = Debug|x86
		{66AC93F0-35D8-44C4-ABC9-BF0935B012C6}.Release|Any CPU.ActiveCfg = Release|Any CPU
		{66AC93F0-35D8-44C4-ABC9-BF0935B012C6}.Release|Any CPU.Build.0 = Release|Any CPU
		{66AC93F0-35D8-44C4-ABC9-BF0935B012C6}.Release|Any CPU.Deploy.0 = Release|Any CPU
		{66AC93F0-35D8-44C4-ABC9-BF0935B012C6}.Release|ARM.ActiveCfg = Release|ARM
		{66AC93F0-35D8-44C4-ABC9-BF0935B012C6}.Release|ARM.Build.0 = Release|ARM
		{66AC93F0-35D8-44C4-ABC9-BF0935B012C6}.Release|ARM.Deploy.0 = Release|ARM
		{66AC93F0-35D8-44C4-ABC9-BF0935B012C6}.Release|x64.ActiveCfg = Release|x64
		{66AC93F0-35D8-44C4-ABC9-BF0935B012C6}.Release|x64.Build.0 = Release|x64
		{66AC93F0-35D8-44C4-ABC9-BF0935B012C6}.Release|x64.Deploy.0 = Release|x64
		{66AC93F0-35D8-44C4-ABC9-BF0935B012C6}.Release|x86.ActiveCfg = Release|x86
		{66AC93F0-35D8-44C4-ABC9-BF0935B012C6}.Release|x86.Build.0 = Release|x86
		{66AC93F0-35D8-44C4-ABC9-BF0935B012C6}.Release|x86.Deploy.0 = Release|x86
		{5F30D752-B116-4072-A5A0-4B75FC5C1B4A}.Debug|Any CPU.ActiveCfg = Debug|Any CPU
		{5F30D752-B116-4072-A5A0-4B75FC5C1B4A}.Debug|Any CPU.Build.0 = Debug|Any CPU
		{5F30D752-B116-4072-A5A0-4B75FC5C1B4A}.Debug|ARM.ActiveCfg = Debug|ARM
		{5F30D752-B116-4072-A5A0-4B75FC5C1B4A}.Debug|ARM.Build.0 = Debug|ARM
		{5F30D752-B116-4072-A5A0-4B75FC5C1B4A}.Debug|x64.ActiveCfg = Debug|x64
		{5F30D752-B116-4072-A5A0-4B75FC5C1B4A}.Debug|x64.Build.0 = Debug|x64
		{5F30D752-B116-4072-A5A0-4B75FC5C1B4A}.Debug|x86.ActiveCfg = Debug|x86
		{5F30D752-B116-4072-A5A0-4B75FC5C1B4A}.Debug|x86.Build.0 = Debug|x86
		{5F30D752-B116-4072-A5A0-4B75FC5C1B4A}.Release|Any CPU.ActiveCfg = Release|Any CPU
		{5F30D752-B116-4072-A5A0-4B75FC5C1B4A}.Release|Any CPU.Build.0 = Release|Any CPU
		{5F30D752-B116-4072-A5A0-4B75FC5C1B4A}.Release|ARM.ActiveCfg = Release|ARM
		{5F30D752-B116-4072-A5A0-4B75FC5C1B4A}.Release|ARM.Build.0 = Release|ARM
		{5F30D752-B116-4072-A5A0-4B75FC5C1B4A}.Release|x64.ActiveCfg = Release|x64
		{5F30D752-B116-4072-A5A0-4B75FC5C1B4A}.Release|x64.Build.0 = Release|x64
		{5F30D752-B116-4072-A5A0-4B75FC5C1B4A}.Release|x86.ActiveCfg = Release|x86
		{5F30D752-B116-4072-A5A0-4B75FC5C1B4A}.Release|x86.Build.0 = Release|x86
		{85B390FA-56DB-4671-B890-62E7DDB41CAB}.Debug|Any CPU.ActiveCfg = Debug|Any CPU
		{85B390FA-56DB-4671-B890-62E7DDB41CAB}.Debug|Any CPU.Build.0 = Debug|Any CPU
		{85B390FA-56DB-4671-B890-62E7DDB41CAB}.Debug|ARM.ActiveCfg = Debug|ARM
		{85B390FA-56DB-4671-B890-62E7DDB41CAB}.Debug|ARM.Build.0 = Debug|ARM
		{85B390FA-56DB-4671-B890-62E7DDB41CAB}.Debug|x64.ActiveCfg = Debug|x64
		{85B390FA-56DB-4671-B890-62E7DDB41CAB}.Debug|x64.Build.0 = Debug|x64
		{85B390FA-56DB-4671-B890-62E7DDB41CAB}.Debug|x86.ActiveCfg = Debug|x86
		{85B390FA-56DB-4671-B890-62E7DDB41CAB}.Debug|x86.Build.0 = Debug|x86
		{85B390FA-56DB-4671-B890-62E7DDB41CAB}.Release|Any CPU.ActiveCfg = Release|Any CPU
		{85B390FA-56DB-4671-B890-62E7DDB41CAB}.Release|Any CPU.Build.0 = Release|Any CPU
		{85B390FA-56DB-4671-B890-62E7DDB41CAB}.Release|ARM.ActiveCfg = Release|ARM
		{85B390FA-56DB-4671-B890-62E7DDB41CAB}.Release|ARM.Build.0 = Release|ARM
		{85B390FA-56DB-4671-B890-62E7DDB41CAB}.Release|x64.ActiveCfg = Release|x64
		{85B390FA-56DB-4671-B890-62E7DDB41CAB}.Release|x64.Build.0 = Release|x64
		{85B390FA-56DB-4671-B890-62E7DDB41CAB}.Release|x86.ActiveCfg = Release|x86
		{85B390FA-56DB-4671-B890-62E7DDB41CAB}.Release|x86.Build.0 = Release|x86
		{19DFC7E8-5B43-45B2-BAE6-7D3CAD33B228}.Debug|Any CPU.ActiveCfg = Debug|Any CPU
		{19DFC7E8-5B43-45B2-BAE6-7D3CAD33B228}.Debug|Any CPU.Build.0 = Debug|Any CPU
		{19DFC7E8-5B43-45B2-BAE6-7D3CAD33B228}.Debug|ARM.ActiveCfg = Debug|Any CPU
		{19DFC7E8-5B43-45B2-BAE6-7D3CAD33B228}.Debug|x64.ActiveCfg = Debug|Any CPU
		{19DFC7E8-5B43-45B2-BAE6-7D3CAD33B228}.Debug|x86.ActiveCfg = Debug|Any CPU
		{19DFC7E8-5B43-45B2-BAE6-7D3CAD33B228}.Release|Any CPU.ActiveCfg = Release|Any CPU
		{19DFC7E8-5B43-45B2-BAE6-7D3CAD33B228}.Release|Any CPU.Build.0 = Release|Any CPU
		{19DFC7E8-5B43-45B2-BAE6-7D3CAD33B228}.Release|ARM.ActiveCfg = Release|Any CPU
		{19DFC7E8-5B43-45B2-BAE6-7D3CAD33B228}.Release|x64.ActiveCfg = Release|Any CPU
		{19DFC7E8-5B43-45B2-BAE6-7D3CAD33B228}.Release|x86.ActiveCfg = Release|Any CPU
	EndGlobalSection
	GlobalSection(SolutionProperties) = preSolution
		HideSolutionNode = FALSE
	EndGlobalSection
EndGlobal
